
Microsoft Visual Studio Solution File, Format Version 12.00
# Visual Studio Version 17
VisualStudioVersion = 17.11.35219.272
MinimumVisualStudioVersion = 10.0.40219.1
Project("{888888A0-9F3D-457C-B088-3A5042F75D52}") = "-L-ÜL 7.4", "-L-ÜL 7.4.pyproj", "{899DFE4D-11D0-4C6B-A226-FBA906AC65A2}"
EndProject
Global
	GlobalSection(SolutionConfigurationPlatforms) = preSolution
		Debug|Any CPU = Debug|Any CPU
		Release|Any CPU = Release|Any CPU
	EndGlobalSection
	GlobalSection(ProjectConfigurationPlatforms) = postSolution
		{899DFE4D-11D0-4C6B-A226-FBA906AC65A2}.Debug|Any CPU.ActiveCfg = Debug|Any CPU
		{899DFE4D-11D0-4C6B-A226-FBA906AC65A2}.Release|Any CPU.ActiveCfg = Release|Any CPU
	EndGlobalSection
	GlobalSection(SolutionProperties) = preSolution
		HideSolutionNode = FALSE
	EndGlobalSection
	GlobalSection(ExtensibilityGlobals) = postSolution
		SolutionGuid = {4A385E33-275D-408D-B15D-D3A95133A752}
	EndGlobalSection
EndGlobal
